
Microsoft Visual Studio Solution File, Format Version 12.00
# Visual Studio Version 17
VisualStudioVersion = 17.8.34525.116
MinimumVisualStudioVersion = 10.0.40219.1
Project("{9A19103F-16F7-4668-BE54-9A1E7A4F7556}") = "MudBlazorPages", "MudBlazorPages\MudBlazorPages.csproj", "{0B5E541E-C8DE-48FD-BBEF-F927CFF7925B}"
EndProject
Global
	GlobalSection(SolutionConfigurationPlatforms) = preSolution
		Debug|Any CPU = Debug|Any CPU
		Release|Any CPU = Release|Any CPU
	EndGlobalSection
	GlobalSection(ProjectConfigurationPlatforms) = postSolution
		{0B5E541E-C8DE-48FD-BBEF-F927CFF7925B}.Debug|Any CPU.ActiveCfg = Debug|Any CPU
		{0B5E541E-C8DE-48FD-BBEF-F927CFF7925B}.Debug|Any CPU.Build.0 = Debug|Any CPU
		{0B5E541E-C8DE-48FD-BBEF-F927CFF7925B}.Release|Any CPU.ActiveCfg = Release|Any CPU
		{0B5E541E-C8DE-48FD-BBEF-F927CFF7925B}.Release|Any CPU.Build.0 = Release|Any CPU
	EndGlobalSection
	GlobalSection(SolutionProperties) = preSolution
		HideSolutionNode = FALSE
	EndGlobalSection
	GlobalSection(ExtensibilityGlobals) = postSolution
		SolutionGuid = {C44BF6D3-C25E-4D45-A56E-0E982BBCA87F}
	EndGlobalSection
EndGlobal
